// !$*UTF8*$!
{
	archiveVersion = 1;
	classes = {
	};
	objectVersion = 46;
	objects = {

/* Begin PBXBuildFile section */
		99B87A0D1C8594330048C58B /* AppDelegate.swift in Sources */ = {isa = PBXBuildFile; fileRef = 99B87A0C1C8594330048C58B /* AppDelegate.swift */; };
		99B87A0F1C8594330048C58B /* ViewController.swift in Sources */ = {isa = PBXBuildFile; fileRef = 99B87A0E1C8594330048C58B /* ViewController.swift */; };
		99B87A121C8594330048C58B /* Main.storyboard in Resources */ = {isa = PBXBuildFile; fileRef = 99B87A101C8594330048C58B /* Main.storyboard */; };
		99B87A141C8594330048C58B /* Assets.xcassets in Resources */ = {isa = PBXBuildFile; fileRef = 99B87A131C8594330048C58B /* Assets.xcassets */; };
		99B87A171C8594330048C58B /* LaunchScreen.storyboard in Resources */ = {isa = PBXBuildFile; fileRef = 99B87A151C8594330048C58B /* LaunchScreen.storyboard */; };
		99B87A201C85944E0048C58B /* MenuViewController.swift in Sources */ = {isa = PBXBuildFile; fileRef = 99B87A1E1C85944E0048C58B /* MenuViewController.swift */; };
		99B87A211C85944E0048C58B /* MenuViewController.xib in Resources */ = {isa = PBXBuildFile; fileRef = 99B87A1F1C85944E0048C58B /* MenuViewController.xib */; };
/* End PBXBuildFile section */

/* Begin PBXFileReference section */
		99B87A091C8594330048C58B /* DropDownMenu.app */ = {isa = PBXFileReference; explicitFileType = wrapper.application; includeInIndex = 0; path = DropDownMenu.app; sourceTree = BUILT_PRODUCTS_DIR; };
		99B87A0C1C8594330048C58B /* AppDelegate.swift */ = {isa = PBXFileReference; lastKnownFileType = sourcecode.swift; path = AppDelegate.swift; sourceTree = "<group>"; };
		99B87A0E1C8594330048C58B /* ViewController.swift */ = {isa = PBXFileReference; lastKnownFileType = sourcecode.swift; path = ViewController.swift; sourceTree = "<group>"; };
		99B87A111C8594330048C58B /* Base */ = {isa = PBXFileReference; lastKnownFileType = file.storyboard; name = Base; path = Base.lproj/Main.storyboard; sourceTree = "<group>"; };
		99B87A131C8594330048C58B /* Assets.xcassets */ = {isa = PBXFileReference; lastKnownFileType = folder.assetcatalog; path = Assets.xcassets; sourceTree = "<group>"; };
		99B87A161C8594330048C58B /* Base */ = {isa = PBXFileReference; lastKnownFileType = file.storyboard; name = Base; path = Base.lproj/LaunchScreen.storyboard; sourceTree = "<group>"; };
		99B87A181C8594330048C58B /* Info.plist */ = {isa = PBXFileReference; lastKnownFileType = text.plist.xml; path = Info.plist; sourceTree = "<group>"; };
		99B87A1E1C85944E0048C58B /* MenuViewController.swift */ = {isa = PBXFileReference; fileEncoding = 4; lastKnownFileType = sourcecode.swift; path = MenuViewController.swift; sourceTree = "<group>"; };
		99B87A1F1C85944E0048C58B /* MenuViewController.xib */ = {isa = PBXFileReference; fileEncoding = 4; lastKnownFileType = file.xib; path = MenuViewController.xib; sourceTree = "<group>"; };
/* End PBXFileReference section */

/* Begin PBXFrameworksBuildPhase section */
		99B87A061C8594330048C58B /* Frameworks */ = {
			isa = PBXFrameworksBuildPhase;
			buildActionMask = 2147483647;
			files = (
			);
			runOnlyForDeploymentPostprocessing = 0;
		};
/* End PBXFrameworksBuildPhase section */

/* Begin PBXGroup section */
		99B87A001C8594330048C58B = {
			isa = PBXGroup;
			children = (
				99B87A0B1C8594330048C58B /* DropDownMenu */,
				99B87A0A1C8594330048C58B /* Products */,
			);
			sourceTree = "<group>";
		};
		99B87A0A1C8594330048C58B /* Products */ = {
			isa = PBXGroup;
			children = (
				99B87A091C8594330048C58B /* DropDownMenu.app */,
			);
			name = Products;
			sourceTree = "<group>";
		};
		99B87A0B1C8594330048C58B /* DropDownMenu */ = {
			isa = PBXGroup;
			children = (
				99B87A0C1C8594330048C58B /* AppDelegate.swift */,
				99B87A0E1C8594330048C58B /* ViewController.swift */,
				99B87A101C8594330048C58B /* Main.storyboard */,
				99B87A131C8594330048C58B /* Assets.xcassets */,
				99B87A151C8594330048C58B /* LaunchScreen.storyboard */,
				99B87A181C8594330048C58B /* Info.plist */,
				99B87A1E1C85944E0048C58B /* MenuViewController.swift */,
				99B87A1F1C85944E0048C58B /* MenuViewController.xib */,
			);
			path = DropDownMenu;
			sourceTree = "<group>";
		};
/* End PBXGroup section */

/* Begin PBXNativeTarget section */
		99B87A081C8594330048C58B /* DropDownMenu */ = {
			isa = PBXNativeTarget;
			buildConfigurationList = 99B87A1B1C8594330048C58B /* Build configuration list for PBXNativeTarget "DropDownMenu" */;
			buildPhases = (
				99B87A051C8594330048C58B /* Sources */,
				99B87A061C8594330048C58B /* Frameworks */,
				99B87A071C8594330048C58B /* Resources */,
			);
			buildRules = (
			);
			dependencies = (
			);
			name = DropDownMenu;
			productName = DropDownMenu;
			productReference = 99B87A091C8594330048C58B /* DropDownMenu.app */;
			productType = "com.apple.product-type.application";
		};
/* End PBXNativeTarget section */

/* Begin PBXProject section */
		99B87A011C8594330048C58B /* Project object */ = {
			isa = PBXProject;
			attributes = {
				LastSwiftUpdateCheck = 0720;
				LastUpgradeCheck = 0720;
				ORGANIZATIONNAME = Fantageek;
				TargetAttributes = {
					99B87A081C8594330048C58B = {
						CreatedOnToolsVersion = 7.2;
					};
				};
			};
			buildConfigurationList = 99B87A041C8594330048C58B /* Build configuration list for PBXProject "DropDownMenu" */;
			compatibilityVersion = "Xcode 3.2";
			developmentRegion = English;
			hasScannedForEncodings = 0;
			knownRegions = (
				en,
				Base,
			);
			mainGroup = 99B87A001C8594330048C58B;
			productRefGroup = 99B87A0A1C8594330048C58B /* Products */;
			projectDirPath = "";
			projectRoot = "";
			targets = (
				99B87A081C8594330048C58B /* DropDownMenu */,
			);
		};
/* End PBXProject section */

/* Begin PBXResourcesBuildPhase section */
		99B87A071C8594330048C58B /* Resources */ = {
			isa = PBXResourcesBuildPhase;
			buildActionMask = 2147483647;
			files = (
				99B87A171C8594330048C58B /* LaunchScreen.storyboard in Resources */,
				99B87A141C8594330048C58B /* Assets.xcassets in Resources */,
				99B87A121C8594330048C58B /* Main.storyboard in Resources */,
				99B87A211C85944E0048C58B /* MenuViewController.xib in Resources */,
			);
			runOnlyForDeploymentPostprocessing = 0;
		};
/* End PBXResourcesBuildPhase section */

/* Begin PBXSourcesBuildPhase section */
		99B87A051C8594330048C58B /* Sources */ = {
			isa = PBXSourcesBuildPhase;
			buildActionMask = 2147483647;
			files = (
				99B87A0F1C8594330048C58B /* ViewController.swift in Sources */,
				99B87A201C85944E0048C58B /* MenuViewController.swift in Sources */,
				99B87A0D1C8594330048C58B /* AppDelegate.swift in Sources */,
			);
			runOnlyForDeploymentPostprocessing = 0;
		};
/* End PBXSourcesBuildPhase section */

/* Begin PBXVariantGroup section */
		99B87A101C8594330048C58B /* Main.storyboard */ = {
			isa = PBXVariantGroup;
			children = (
				99B87A111C8594330048C58B /* Base */,
			);
			name = Main.storyboard;
			sourceTree = "<group>";
		};
		99B87A151C8594330048C58B /* LaunchScreen.storyboard */ = {
			isa = PBXVariantGroup;
			children = (
				99B87A161C8594330048C58B /* Base */,
			);
			name = LaunchScreen.storyboard;
			sourceTree = "<group>";
		};
/* End PBXVariantGroup section */

/* Begin XCBuildConfiguration section */
		99B87A191C8594330048C58B /* Debug */ = {
			isa = XCBuildConfiguration;
			buildSettings = {
				ALWAYS_SEARCH_USER_PATHS = NO;
				CLANG_CXX_LANGUAGE_STANDARD = "gnu++0x";
				CLANG_CXX_LIBRARY = "libc++";
				CLANG_ENABLE_MODULES = YES;
				CLANG_ENABLE_OBJC_ARC = YES;
				CLANG_WARN_BOOL_CONVERSION = YES;
				CLANG_WARN_CONSTANT_CONVERSION = YES;
				CLANG_WARN_DIRECT_OBJC_ISA_USAGE = YES_ERROR;
				CLANG_WARN_EMPTY_BODY = YES;
				CLANG_WARN_ENUM_CONVERSION = YES;
				CLANG_WARN_INT_CONVERSION = YES;
				CLANG_WARN_OBJC_ROOT_CLASS = YES_ERROR;
				CLANG_WARN_UNREACHABLE_CODE = YES;
				CLANG_WARN__DUPLICATE_METHOD_MATCH = YES;
				"CODE_SIGN_IDENTITY[sdk=iphoneos*]" = "iPhone Developer";
				COPY_PHASE_STRIP = NO;
				DEBUG_INFORMATION_FORMAT = dwarf;
				ENABLE_STRICT_OBJC_MSGSEND = YES;
				ENABLE_TESTABILITY = YES;
				GCC_C_LANGUAGE_STANDARD = gnu99;
				GCC_DYNAMIC_NO_PIC = NO;
				GCC_NO_COMMON_BLOCKS = YES;
				GCC_OPTIMIZATION_LEVEL = 0;
				GCC_PREPROCESSOR_DEFINITIONS = (
					"DEBUG=1",
					"$(inherited)",
				);
				GCC_WARN_64_TO_32_BIT_CONVERSION = YES;
				GCC_WARN_ABOUT_RETURN_TYPE = YES_ERROR;
				GCC_WARN_UNDECLARED_SELECTOR = YES;
				GCC_WARN_UNINITIALIZED_AUTOS = YES_AGGRESSIVE;
				GCC_WARN_UNUSED_FUNCTION = YES;
				GCC_WARN_UNUSED_VARIABLE = YES;
				IPHONEOS_DEPLOYMENT_TARGET = 9.2;
				MTL_ENABLE_DEBUG_INFO = YES;
				ONLY_ACTIVE_ARCH = YES;
				SDKROOT = iphoneos;
				SWIFT_OPTIMIZATION_LEVEL = "-Onone";
				TARGETED_DEVICE_FAMILY = "1,2";
			};
			name = Debug;
		};
		99B87A1A1C8594330048C58B /* Release */ = {
			isa = XCBuildConfiguration;
			buildSettings = {
				ALWAYS_SEARCH_USER_PATHS = NO;
				CLANG_CXX_LANGUAGE_STANDARD = "gnu++0x";
				CLANG_CXX_LIBRARY = "libc++";
				CLANG_ENABLE_MODULES = YES;
				CLANG_ENABLE_OBJC_ARC = YES;
				CLANG_WARN_BOOL_CONVERSION = YES;
				CLANG_WARN_CONSTANT_CONVERSION = YES;
				CLANG_WARN_DIRECT_OBJC_ISA_USAGE = YES_ERROR;
				CLANG_WARN_EMPTY_BODY = YES;
				CLANG_WARN_ENUM_CONVERSION = YES;
				CLANG_WARN_INT_CONVERSION = YES;
				CLANG_WARN_OBJC_ROOT_CLASS = YES_ERROR;
				CLANG_WARN_UNREACHABLE_CODE = YES;
				CLANG_WARN__DUPLICATE_METHOD_MATCH = YES;
				"CODE_SIGN_IDENTITY[sdk=iphoneos*]" = "iPhone Developer";
				COPY_PHASE_STRIP = NO;
				DEBUG_INFORMATION_FORMAT = "dwarf-with-dsym";
				ENABLE_NS_ASSERTIONS = NO;
				ENABLE_STRICT_OBJC_MSGSEND = YES;
				GCC_C_LANGUAGE_STANDARD = gnu99;
				GCC_NO_COMMON_BLOCKS = YES;
				GCC_WARN_64_TO_32_BIT_CONVERSION = YES;
				GCC_WARN_ABOUT_RETURN_TYPE = YES_ERROR;
				GCC_WARN_UNDECLARED_SELECTOR = YES;
				GCC_WARN_UNINITIALIZED_AUTOS = YES_AGGRESSIVE;
				GCC_WARN_UNUSED_FUNCTION = YES;
				GCC_WARN_UNUSED_VARIABLE = YES;
				IPHONEOS_DEPLOYMENT_TARGET = 9.2;
				MTL_ENABLE_DEBUG_INFO = NO;
				SDKROOT = iphoneos;
				TARGETED_DEVICE_FAMILY = "1,2";
				VALIDATE_PRODUCT = YES;
			};
			name = Release;
		};
		99B87A1C1C8594330048C58B /* Debug */ = {
			isa = XCBuildConfiguration;
			buildSettings = {
				ASSETCATALOG_COMPILER_APPICON_NAME = AppIcon;
				INFOPLIST_FILE = DropDownMenu/Info.plist;
				LD_RUNPATH_SEARCH_PATHS = "$(inherited) @executable_path/Frameworks";
				PRODUCT_BUNDLE_IDENTIFIER = com.fantageek.DropDownMenu;
				PRODUCT_NAME = "$(TARGET_NAME)";
			};
			name = Debug;
		};
		99B87A1D1C8594330048C58B /* Release */ = {
			isa = XCBuildConfiguration;
			buildSettings = {
				ASSETCATALOG_COMPILER_APPICON_NAME = AppIcon;
				INFOPLIST_FILE = DropDownMenu/Info.plist;
				LD_RUNPATH_SEARCH_PATHS = "$(inherited) @executable_path/Frameworks";
				PRODUCT_BUNDLE_IDENTIFIER = com.fantageek.DropDownMenu;
				PRODUCT_NAME = "$(TARGET_NAME)";
			};
			name = Release;
		};
/* End XCBuildConfiguration section */

/* Begin XCConfigurationList section */
		99B87A041C8594330048C58B /* Build configuration list for PBXProject "DropDownMenu" */ = {
			isa = XCConfigurationList;
			buildConfigurations = (
				99B87A191C8594330048C58B /* Debug */,
				99B87A1A1C8594330048C58B /* Release */,
			);
			defaultConfigurationIsVisible = 0;
			defaultConfigurationName = Release;
		};
		99B87A1B1C8594330048C58B /* Build configuration list for PBXNativeTarget "DropDownMenu" */ = {
			isa = XCConfigurationList;
			buildConfigurations = (
				99B87A1C1C8594330048C58B /* Debug */,
				99B87A1D1C8594330048C58B /* Release */,
			);
			defaultConfigurationIsVisible = 0;
		};
/* End XCConfigurationList section */
	};
	rootObject = 99B87A011C8594330048C58B /* Project object */;
}
